<?xml version="1.0" encoding="utf-8"?>
<Project ToolsVersion="4.0" xmlns="http://schemas.microsoft.com/developer/msbuild/2003">
  <ItemGroup>
    <ClCompile Include="src\Core\Cell.cpp" />
    <ClCompile Include="src\Core\Point2D.cpp" />
    <ClCompile Include="src\Core\Rect.cpp" />
    <ClCompile Include="src\Core\Size.cpp" />
    <ClCompile Include="src\Engine\GameEngine.cpp" />
    <ClCompile Include="src\Core\Utilities.cpp" />
    <ClCompile Include="src\Engine\Graphics.cpp" />
    <ClCompile Include="src\Engine\Keyboard.cpp" />
    <ClCompile Include="src\Engine\KeyboardStatus.cpp" />
    <ClCompile Include="src\Engine\System.cpp" />
    <ClCompile Include="src\GameObjects\GameObject.cpp" />
    <ClCompile Include="src\GameObjects\LevelObjects\AICar.cpp" />
    <ClCompile Include="src\GameObjects\LevelObjects\Border.cpp" />
    <ClCompile Include="src\GameObjects\LevelObjects\Obstacle.cpp" />
    <ClCompile Include="src\GameObjects\LevelObjects\PlayerCar.cpp" />
    <ClCompile Include="src\GameObjects\LevelObjects\RoadLine.cpp" />
    <ClCompile Include="src\GameObjects\LevelObjects\Upgrade.cpp" />
    <ClCompile Include="src\GameObjects\LevelObjects\WeirdWall.cpp" />
    <ClCompile Include="src\Levels\Level.cpp" />
    <ClCompile Include="src\Scenes\GameScene.cpp" />
    <ClCompile Include="src\main.cpp" />
    <ClCompile Include="src\Scenes\MenuScene.cpp" />
    <ClCompile Include="src\GameObjects\Road.cpp" />
    <ClCompile Include="src\Scenes\GameOverScene.cpp" />
    <ClCompile Include="src\GameObjects\GeneratedObject.cpp" />
    <ClCompile Include="src\Core\CollisionInfo.cpp" />
    <ClCompile Include="src\Core\CollisionType.cpp" />
  </ItemGroup>
  <ItemGroup>
    <ClCompile Include="src\Core\Utilities.cpp">
      <Filter>File di origine</Filter>
    </ClCompile>
    <ClCompile Include="src\main.cpp">
      <Filter>File di origine</Filter>
    </ClCompile>
    <ClCompile Include="src\Engine\Graphics.cpp">
      <Filter>File di origine</Filter>
    </ClCompile>
    <ClCompile Include="src\Engine\Keyboard.cpp">
      <Filter>File di origine</Filter>
    </ClCompile>
    <ClCompile Include="src\Engine\KeyboardStatus.cpp">
      <Filter>File di origine</Filter>
    </ClCompile>
    <ClCompile Include="src\Engine\System.cpp">
      <Filter>File di origine</Filter>
    </ClCompile>
    <ClCompile Include="src\Engine\GameEngine.cpp">
      <Filter>File di origine</Filter>
    </ClCompile>
    <ClCompile Include="src\Core\Size.cpp">
      <Filter>File di origine</Filter>
    </ClCompile>
    <ClCompile Include="src\GameObjects\GameObject.cpp">
      <Filter>File di origine</Filter>
    </ClCompile>
    <ClCompile Include="src\Core\Rect.cpp">
      <Filter>File di origine</Filter>
    </ClCompile>
    <ClCompile Include="src\GameObjects\LevelObjects\PlayerCar.cpp">
      <Filter>File di origine</Filter>
    </ClCompile>
    <ClCompile Include="src\Core\Point2D.cpp">
      <Filter>File di origine</Filter>
    </ClCompile>
    <ClCompile Include="src\Scenes\GameScene.cpp">
      <Filter>File di origine</Filter>
    </ClCompile>
    <ClCompile Include="src\Scenes\MenuScene.cpp">
      <Filter>File di origine</Filter>
    </ClCompile>
    <ClCompile Include="src\GameObjects\LevelObjects\WeirdWall.cpp">
      <Filter>File di origine</Filter>
    </ClCompile>
    <ClCompile Include="src\GameObjects\LevelObjects\AICar.cpp">
      <Filter>File di origine</Filter>
    </ClCompile>
    <ClCompile Include="src\Core\Cell.cpp">
      <Filter>File di origine</Filter>
    </ClCompile>
    <ClCompile Include="src\Levels\Level.cpp">
      <Filter>File di origine</Filter>
    </ClCompile>
    <ClCompile Include="src\GameObjects\LevelObjects\Border.cpp">
      <Filter>File di origine</Filter>
    </ClCompile>
    <ClCompile Include="src\GameObjects\LevelObjects\Obstacle.cpp">
      <Filter>File di origine</Filter>
    </ClCompile>
    <ClCompile Include="src\GameObjects\LevelObjects\Upgrade.cpp">
      <Filter>File di origine</Filter>
    </ClCompile>
  </ItemGroup>
  <ItemGroup>
    <ClInclude Include="include\Core\Cell.hpp" />
    <ClInclude Include="include\Core\Typedefs.hpp" />
    <ClInclude Include="include\Engine\GameEngine.hpp" />
    <ClInclude Include="include\Core\Rect.hpp" />
    <ClInclude Include="include\Core\Size.hpp" />
    <ClInclude Include="include\Core\Utilities.hpp" />
    <ClInclude Include="include\Core\Point2D.hpp" />
    <ClInclude Include="include\Engine\Graphics.hpp" />
    <ClInclude Include="include\Engine\Key.hpp" />
    <ClInclude Include="include\Engine\Keyboard.hpp" />
    <ClInclude Include="include\Engine\KeyboardStatus.hpp" />
    <ClInclude Include="include\Engine\System.hpp" />
    <ClInclude Include="include\GameObjects\LevelObjects\Border.hpp" />
    <ClInclude Include="include\GameObjects\LevelObjects\Obstacle.hpp" />
    <ClInclude Include="include\GameObjects\LevelObjects\RoadLine.hpp" />
    <ClInclude Include="include\GameObjects\LevelObjects\Upgrade.hpp" />
    <ClInclude Include="include\GameObjects\LevelObjects\WeirdWall.hpp" />
    <ClInclude Include="include\GameObjects\LevelObjects\AICar.hpp" />
    <ClInclude Include="include\Levels\Level.hpp" />
    <ClInclude Include="include\Scenes\GameScene.hpp" />
    <ClInclude Include="include\Scenes\MenuScene.hpp" />
    <ClInclude Include="include\Scenes\Scene.hpp" />
    <ClInclude Include="include\GameObjects\GameObject.hpp" />
    <ClInclude Include="include\GameObjects\LevelObjects\PlayerCar.hpp" />
    <ClInclude Include="include\Core\Layer.hpp" />
    <ClInclude Include="include\Core\Color.hpp" />
    <ClInclude Include="include\GameObjects\Road.hpp" />
    <ClInclude Include="include\Scenes\GameOverScene.hpp" />
    <ClInclude Include="include\GameObjects\GeneratedObject.hpp" />
    <ClInclude Include="include\Core\CollisionInfo.hpp" />
    <ClInclude Include="include\Core\CollisionType.hpp" />
  </ItemGroup>
  <ItemGroup>
    <Text Include="sprites\WeirdWall.txt" />
    <Text Include="sprites\PlayerCar.txt" />
    <Text Include="sprites\Upgrade.txt" />
    <Text Include="sprites\WeirdWall.txt" />
    <Text Include="sprites\AICar.txt" />
    <Text Include="sprites\Obstacle.txt" />
    <Text Include="sprites\TitleScreen.txt" />
  </ItemGroup>
</Project>